{
    "hash": "d8f55405e7a30480e3c14d050f506c37",
    "packages": [
        {
            "package": "doctrine/common",
            "version": "2.2.1"
        },
        {
            "package": "doctrine/dbal",
            "version": "2.2.1"
        },
        {
            "package": "doctrine/orm",
            "version": "2.2.1"
        },
        {
            "package": "symfony/event-dispatcher",
            "version": "v2.0.10"
        },
        {
            "package": "symfony/http-foundation",
            "version": "v2.0.10"
        },
        {
            "package": "symfony/http-kernel",
            "version": "v2.0.10"
        },
        {
            "package": "symfony/security",
            "version": "v2.0.10"
        },
        {
            "package": "videlalvaro/php-amqplib",
            "version": "dev-master",
            "source-reference": "e98ca899d867633cd8aa2ef04e8e9e6147d21df8"
        },
        {
            "package": "zendframework/zendframework",
            "version": "dev-master",
            "alias-pretty-version": "2.0.x-dev",
            "alias-version": "2.0.9999999.9999999-dev"
        },
        {
            "package": "zendframework/zendframework",
            "version": "dev-master",
            "alias-pretty-version": "2.0.x-dev",
            "alias-version": "2.0.9999999.9999999-dev"
        },
        {
            "package": "zendframework/zendframework",
            "version": "dev-master",
            "source-reference": "48bf0c42bc6c406681327b16064ab3cf1a644218"
        }
    ],
    "packages-dev": null,
    "aliases": [

    ],
    "minimum-stability": "dev",
    "stability-flags": {
        "zendframework/zendframework": 20
    }
}
