{
    "hash": "1a2c0d5d18ae9e5fa67c1263509b78e4",
    "packages": [
        {
            "package": "doctrine\/common",
            "version": "2.1.4"
        },
        {
            "package": "doctrine\/dbal",
            "version": "2.1.5"
        },
        {
            "package": "doctrine\/orm",
            "version": "2.1.5"
        },
        {
            "package": "zendframework\/filter",
            "version": "2.0.0beta2"
        },
        {
            "package": "zendframework\/stdlib",
            "version": "2.0.0beta2"
        },
        {
            "package": "zendframework\/locale",
            "version": "2.0.0beta2"
        },
        {
            "package": "zendframework\/registry",
            "version": "2.0.0beta2"
        }
    ]
}