{
    "hash": "d8f55405e7a30480e3c14d050f506c37",
    "packages": [
        {
            "package": "doctrine/common",
            "version": "2.2.1"
        },
        {
            "package": "doctrine/dbal",
            "version": "2.2.1"
        },
        {
            "package": "doctrine/orm",
            "version": "2.2.1"
        },
        {
            "package": "symfony/event-dispatcher",
            "version": "v2.0.10"
        },
        {
            "package": "symfony/http-foundation",
            "version": "v2.0.10"
        },
        {
            "package": "symfony/http-kernel",
            "version": "v2.0.10"
        },
        {
            "package": "symfony/security",
            "version": "v2.0.10"
        },
        {
            "package": "videlalvaro/php-amqplib",
            "version": "dev-master",
            "source-reference": "3531dd2764d29c35a507820f7cb408550176f836"
        },
        {
            "package": "zendframework/zendframework",
            "version": "dev-master",
            "source-reference": "d0300fc3c9c207f4245e540c99ad47447ecee512"
        }
    ],
    "packages-dev": null,
    "aliases": []
}
